
Microsoft Visual Studio Solution File, Format Version 12.00
# Visual Studio 14
VisualStudioVersion = 14.0.22609.0
MinimumVisualStudioVersion = 10.0.40219.1
Project("{FAE04EC0-301F-11D3-BF4B-00C04F79EFBC}") = "QrCodeWinClient.Presentation", "QrCodeWinClient\QrCodeWinClient.Presentation.csproj", "{EE55C444-A0B1-4FAF-9D1C-04CCC7172D55}"
EndProject
Project("{FAE04EC0-301F-11D3-BF4B-00C04F79EFBC}") = "QrCodeWinClient.Export", "QrCodeWinClient.Export\QrCodeWinClient.Export.csproj", "{23A2512D-6436-4B43-9166-826014762F3B}"
EndProject
Project("{FAE04EC0-301F-11D3-BF4B-00C04F79EFBC}") = "QrCodeWinClient.Export.Test", "QrCodeWinClient.Export.Test\QrCodeWinClient.Export.Test.csproj", "{FC670F00-CB85-4559-870C-100FA510EBF5}"
EndProject
Project("{FAE04EC0-301F-11D3-BF4B-00C04F79EFBC}") = "QrCodeWinClient.Common", "QrCodeWinClient.Common\QrCodeWinClient.Common.csproj", "{6C146867-BEC9-4CC4-9021-0CA9B3D1E74F}"
EndProject
Global
	GlobalSection(SolutionConfigurationPlatforms) = preSolution
		Debug|Any CPU = Debug|Any CPU
		Release|Any CPU = Release|Any CPU
	EndGlobalSection
	GlobalSection(ProjectConfigurationPlatforms) = postSolution
		{EE55C444-A0B1-4FAF-9D1C-04CCC7172D55}.Debug|Any CPU.ActiveCfg = Debug|Any CPU
		{EE55C444-A0B1-4FAF-9D1C-04CCC7172D55}.Debug|Any CPU.Build.0 = Debug|Any CPU
		{EE55C444-A0B1-4FAF-9D1C-04CCC7172D55}.Release|Any CPU.ActiveCfg = Release|Any CPU
		{EE55C444-A0B1-4FAF-9D1C-04CCC7172D55}.Release|Any CPU.Build.0 = Release|Any CPU
		{23A2512D-6436-4B43-9166-826014762F3B}.Debug|Any CPU.ActiveCfg = Debug|Any CPU
		{23A2512D-6436-4B43-9166-826014762F3B}.Debug|Any CPU.Build.0 = Debug|Any CPU
		{23A2512D-6436-4B43-9166-826014762F3B}.Release|Any CPU.ActiveCfg = Release|Any CPU
		{23A2512D-6436-4B43-9166-826014762F3B}.Release|Any CPU.Build.0 = Release|Any CPU
		{FC670F00-CB85-4559-870C-100FA510EBF5}.Debug|Any CPU.ActiveCfg = Debug|Any CPU
		{FC670F00-CB85-4559-870C-100FA510EBF5}.Debug|Any CPU.Build.0 = Debug|Any CPU
		{FC670F00-CB85-4559-870C-100FA510EBF5}.Release|Any CPU.ActiveCfg = Release|Any CPU
		{FC670F00-CB85-4559-870C-100FA510EBF5}.Release|Any CPU.Build.0 = Release|Any CPU
		{6C146867-BEC9-4CC4-9021-0CA9B3D1E74F}.Debug|Any CPU.ActiveCfg = Debug|Any CPU
		{6C146867-BEC9-4CC4-9021-0CA9B3D1E74F}.Debug|Any CPU.Build.0 = Debug|Any CPU
		{6C146867-BEC9-4CC4-9021-0CA9B3D1E74F}.Release|Any CPU.ActiveCfg = Release|Any CPU
		{6C146867-BEC9-4CC4-9021-0CA9B3D1E74F}.Release|Any CPU.Build.0 = Release|Any CPU
	EndGlobalSection
	GlobalSection(SolutionProperties) = preSolution
		HideSolutionNode = FALSE
	EndGlobalSection
EndGlobal
